
Microsoft Visual Studio Solution File, Format Version 12.00
# Visual Studio Version 17
VisualStudioVersion = 17.9.34616.47
MinimumVisualStudioVersion = 10.0.40219.1
Project("{FAE04EC0-301F-11D3-BF4B-00C04F79EFBC}") = "EFCoreExample", "EFCoreExample.csproj", "{5286DB35-B231-403D-A6BC-E1E604E7E686}"
EndProject
Global
	GlobalSection(SolutionConfigurationPlatforms) = preSolution
		Debug|Any CPU = Debug|Any CPU
		Release|Any CPU = Release|Any CPU
	EndGlobalSection
	GlobalSection(ProjectConfigurationPlatforms) = postSolution
		{5286DB35-B231-403D-A6BC-E1E604E7E686}.Debug|Any CPU.ActiveCfg = Debug|Any CPU
		{5286DB35-B231-403D-A6BC-E1E604E7E686}.Debug|Any CPU.Build.0 = Debug|Any CPU
		{5286DB35-B231-403D-A6BC-E1E604E7E686}.Release|Any CPU.ActiveCfg = Release|Any CPU
		{5286DB35-B231-403D-A6BC-E1E604E7E686}.Release|Any CPU.Build.0 = Release|Any CPU
	EndGlobalSection
	GlobalSection(SolutionProperties) = preSolution
		HideSolutionNode = FALSE
	EndGlobalSection
	GlobalSection(ExtensibilityGlobals) = postSolution
		SolutionGuid = {88B4BF08-6C4D-42A3-AB72-684DFF00D8D1}
	EndGlobalSection
EndGlobal
